Microsoft Visual Studio Solution File, Format Version 12.00
# Visual Studio Version 17
VisualStudioVersion = 17.5.2.0
MinimumVisualStudioVersion = 10.0.40219.1
Project("{FAE04EC0-301F-11D3-BF4B-00C04F79EFBC}") = "HesapYonetim", "HesapYonetim\HesapYonetim.csproj", "{16BAB868-517E-4D9F-DB97-ED6A63E446E7}"
EndProject
Global
	GlobalSection(SolutionConfigurationPlatforms) = preSolution
		Debug|Any CPU = Debug|Any CPU
		Release|Any CPU = Release|Any CPU
	EndGlobalSection
	GlobalSection(ProjectConfigurationPlatforms) = postSolution
		{16BAB868-517E-4D9F-DB97-ED6A63E446E7}.Debug|Any CPU.ActiveCfg = Debug|Any CPU
		{16BAB868-517E-4D9F-DB97-ED6A63E446E7}.Debug|Any CPU.Build.0 = Debug|Any CPU
		{16BAB868-517E-4D9F-DB97-ED6A63E446E7}.Release|Any CPU.ActiveCfg = Release|Any CPU
		{16BAB868-517E-4D9F-DB97-ED6A63E446E7}.Release|Any CPU.Build.0 = Release|Any CPU
	EndGlobalSection
	GlobalSection(SolutionProperties) = preSolution
		HideSolutionNode = FALSE
	EndGlobalSection
	GlobalSection(ExtensibilityGlobals) = postSolution
		SolutionGuid = {BD305943-C0CB-485F-AFED-5CD9404E615F}
	EndGlobalSection
EndGlobal
